{
  "name": "2dviewertest",
  "lockfileVersion": 3,
  "requires": true,
  "packages": {
    "": {
      "dependencies": {
        "@laihoe/demoparser2": "^0.25.1"
      }
    },
    "node_modules/@laihoe/demoparser2": {
      "version": "0.25.1",
      "resolved": "https://registry.npmjs.org/@laihoe/demoparser2/-/demoparser2-0.25.1.tgz",
      "integrity": "sha512-/oi4caUBzDTrGNKlBbNKKPsAM195RKmx5Si3N9K+Zm4N51ZU157f/WKnUig1F/yeabBNLChRXkjNgcwQ5OCg+A==",
      "engines": {
        "node": ">= 10"
      },
      "optionalDependencies": {
        "@laihoe/demoparser2-android-arm-eabi": "0.25.1",
        "@laihoe/demoparser2-android-arm64": "0.25.1",
        "@laihoe/demoparser2-darwin-arm64": "0.25.1",
        "@laihoe/demoparser2-darwin-universal": "0.25.1",
        "@laihoe/demoparser2-darwin-x64": "0.25.1",
        "@laihoe/demoparser2-freebsd-x64": "0.25.1",
        "@laihoe/demoparser2-linux-arm-gnueabihf": "0.25.1",
        "@laihoe/demoparser2-linux-arm64-gnu": "0.25.1",
        "@laihoe/demoparser2-linux-arm64-musl": "0.25.1",
        "@laihoe/demoparser2-linux-x64-gnu": "0.25.1",
        "@laihoe/demoparser2-linux-x64-musl": "0.25.1",
        "@laihoe/demoparser2-win32-arm64-msvc": "0.25.1",
        "@laihoe/demoparser2-win32-ia32-msvc": "0.25.1",
        "@laihoe/demoparser2-win32-x64-msvc": "0.25.1"
      }
    },
    "node_modules/@laihoe/demoparser2-android-arm-eabi": {
      "version": "0.25.1",
      "resolved": "https://registry.npmjs.org/@laihoe/demoparser2-android-arm-eabi/-/demoparser2-android-arm-eabi-0.25.1.tgz",
      "integrity": "sha512-iUSAYNnSafra6uXfw1y/DurYI4+8CyCcNos2rJy0ss9Wn7IywjqXemaTnVOiYZ1u1aAPHCRY7e9EMwnAyF8LYQ==",
      "cpu": [
        "arm"
      ],
      "optional": true,
      "os": [
        "android"
      ],
      "engines": {
        "node": ">= 10"
      }
    },
    "node_modules/@laihoe/demoparser2-android-arm64": {
      "version": "0.25.1",
      "resolved": "https://registry.npmjs.org/@laihoe/demoparser2-android-arm64/-/demoparser2-android-arm64-0.25.1.tgz",
      "integrity": "sha512-Pmr2g9i5N7COAEJW+SXxhnBRutBcXgZLWDQ4/ODgLWlDRLOg75Ut7wCfyFHkYoOoraDSsyzJNtljjHHfsbHTfg==",
      "cpu": [
        "arm64"
      ],
      "optional": true,
      "os": [
        "android"
      ],
      "engines": {
        "node": ">= 10"
      }
    },
    "node_modules/@laihoe/demoparser2-darwin-arm64": {
      "version": "0.25.1",
      "resolved": "https://registry.npmjs.org/@laihoe/demoparser2-darwin-arm64/-/demoparser2-darwin-arm64-0.25.1.tgz",
      "integrity": "sha512-Y1778jSdnh+J9+rCMKRZpNtG/0gsTBQm+93DMhtlZ/BRBBkC6METi5NCo82q0aGqDlicqzalO1haVb7kIyRWVg==",
      "cpu": [
        "arm64"
      ],
      "optional": true,
      "os": [
        "darwin"
      ],
      "engines": {
        "node": ">= 10"
      }
    },
    "node_modules/@laihoe/demoparser2-linux-arm-gnueabihf": {
      "version": "0.25.1",
      "resolved": "https://registry.npmjs.org/@laihoe/demoparser2-linux-arm-gnueabihf/-/demoparser2-linux-arm-gnueabihf-0.25.1.tgz",
      "integrity": "sha512-nYHCG1p8pUL4CzMZyJXy0qPEeGUIwfc++A9yke/H79F1C/obS82+5HuAQXdXMYe0BRXgmKZwfQ8eTm7Sit6GVQ==",
      "cpu": [
        "arm"
      ],
      "optional": true,
      "os": [
        "linux"
      ],
      "engines": {
        "node": ">= 10"
      }
    },
    "node_modules/@laihoe/demoparser2-linux-arm64-gnu": {
      "version": "0.25.1",
      "resolved": "https://registry.npmjs.org/@laihoe/demoparser2-linux-arm64-gnu/-/demoparser2-linux-arm64-gnu-0.25.1.tgz",
      "integrity": "sha512-fziQwU3P6ZjzZNIq7cn+ffzAMqGSawdAzPtrnfnQIwVSO9GrzuTMKnO8+WN6dYFH5mjQNvtOMw2fWTL6UwXa6w==",
      "cpu": [
        "arm64"
      ],
      "optional": true,
      "os": [
        "linux"
      ],
      "engines": {
        "node": ">= 10"
      }
    },
    "node_modules/@laihoe/demoparser2-linux-arm64-musl": {
      "version": "0.25.1",
      "resolved": "https://registry.npmjs.org/@laihoe/demoparser2-linux-arm64-musl/-/demoparser2-linux-arm64-musl-0.25.1.tgz",
      "integrity": "sha512-8HOYJO4fmaCAo9HJ727H4uu2C0fOVgm/zcqYeylRJJqAT74mTtcBDIZMFCVXRut86wrtsus1GlZiZaZVpyWbVg==",
      "cpu": [
        "arm64"
      ],
      "optional": true,
      "os": [
        "linux"
      ],
      "engines": {
        "node": ">= 10"
      }
    },
    "node_modules/@laihoe/demoparser2-linux-x64-gnu": {
      "version": "0.25.1",
      "resolved": "https://registry.npmjs.org/@laihoe/demoparser2-linux-x64-gnu/-/demoparser2-linux-x64-gnu-0.25.1.tgz",
      "integrity": "sha512-DMws1YUkXH1A97JK32OmZ5bHEdqvUtBi4foQ9MBGWTpRHIoPtDJbawCN1z+Q6SZMJIBPtJG8XNFSJ/HMYTfYeQ==",
      "cpu": [
        "x64"
      ],
      "optional": true,
      "os": [
        "linux"
      ],
      "engines": {
        "node": ">= 10"
      }
    },
    "node_modules/@laihoe/demoparser2-linux-x64-musl": {
      "version": "0.25.1",
      "resolved": "https://registry.npmjs.org/@laihoe/demoparser2-linux-x64-musl/-/demoparser2-linux-x64-musl-0.25.1.tgz",
      "integrity": "sha512-wUphDqP2FljknirsftYPFJJxAOCrDpqdNZB0fF2goCn3sZIVchTF9gDg0ggO6RWSVORplDpVI6CRgaSp6dsg2Q==",
      "cpu": [
        "x64"
      ],
      "optional": true,
      "os": [
        "linux"
      ],
      "engines": {
        "node": ">= 10"
      }
    },
    "node_modules/@laihoe/demoparser2-win32-arm64-msvc": {
      "version": "0.25.1",
      "resolved": "https://registry.npmjs.org/@laihoe/demoparser2-win32-arm64-msvc/-/demoparser2-win32-arm64-msvc-0.25.1.tgz",
      "integrity": "sha512-A03wyqQGv3jQjqzC4qaxHY07r5ejEwOiUWWru6wsiZrE/pwAOP+XOthLPzUZ3yGAcAdDLdcd8O2y4vGdoVZdKA==",
      "cpu": [
        "arm64"
      ],
      "optional": true,
      "os": [
        "win32"
      ],
      "engines": {
        "node": ">= 10"
      }
    },
    "node_modules/@laihoe/demoparser2-win32-ia32-msvc": {
      "version": "0.25.1",
      "resolved": "https://registry.npmjs.org/@laihoe/demoparser2-win32-ia32-msvc/-/demoparser2-win32-ia32-msvc-0.25.1.tgz",
      "integrity": "sha512-CbI2uOPChALEs61ESrGuTuvVDZPFcpf7EMKQ1nwgEr9KmT7B8+yYjKHy/UvLZYbM3qosdPUBjxpdtWmu4aNyTg==",
      "cpu": [
        "ia32"
      ],
      "optional": true,
      "os": [
        "win32"
      ],
      "engines": {
        "node": ">= 10"
      }
    },
    "node_modules/@laihoe/demoparser2-win32-x64-msvc": {
      "version": "0.25.1",
      "resolved": "https://registry.npmjs.org/@laihoe/demoparser2-win32-x64-msvc/-/demoparser2-win32-x64-msvc-0.25.1.tgz",
      "integrity": "sha512-ZOBYHJZCGdHIuo7E7SdC7MF+yIrifEka3GFcp0xfhYXvhvXEJZ3CSWeBTQMLafq2nrHVpgpXFPqfjGpdLVrXkA==",
      "cpu": [
        "x64"
      ],
      "optional": true,
      "os": [
        "win32"
      ],
      "engines": {
        "node": ">= 10"
      }
    }
  }
}
